
Microsoft Visual Studio Solution File, Format Version 12.00
# Visual Studio Version 17
VisualStudioVersion = 17.14.36623.8 d17.14
MinimumVisualStudioVersion = 10.0.40219.1
Project("{FAE04EC0-301F-11D3-BF4B-00C04F79EFBC}") = "baiTH1bai11", "baiTH1bai11.csproj", "{7CAEDDB9-6A7C-4BCD-B02B-60D37CF49F18}"
EndProject
Global
	GlobalSection(SolutionConfigurationPlatforms) = preSolution
		Debug|Any CPU = Debug|Any CPU
		Release|Any CPU = Release|Any CPU
	EndGlobalSection
	GlobalSection(ProjectConfigurationPlatforms) = postSolution
		{7CAEDDB9-6A7C-4BCD-B02B-60D37CF49F18}.Debug|Any CPU.ActiveCfg = Debug|Any CPU
		{7CAEDDB9-6A7C-4BCD-B02B-60D37CF49F18}.Debug|Any CPU.Build.0 = Debug|Any CPU
		{7CAEDDB9-6A7C-4BCD-B02B-60D37CF49F18}.Release|Any CPU.ActiveCfg = Release|Any CPU
		{7CAEDDB9-6A7C-4BCD-B02B-60D37CF49F18}.Release|Any CPU.Build.0 = Release|Any CPU
	EndGlobalSection
	GlobalSection(SolutionProperties) = preSolution
		HideSolutionNode = FALSE
	EndGlobalSection
	GlobalSection(ExtensibilityGlobals) = postSolution
		SolutionGuid = {E86FC2C8-C6B8-4FA0-BB8C-2340E0C1E815}
	EndGlobalSection
EndGlobal
