
Microsoft Visual Studio Solution File, Format Version 12.00
# Visual Studio Version 17
VisualStudioVersion = 17.14.36623.8 d17.14
MinimumVisualStudioVersion = 10.0.40219.1
Project("{FAE04EC0-301F-11D3-BF4B-00C04F79EFBC}") = "baiTH14", "baiTH14.csproj", "{62BA6228-1AB4-4BD6-8670-672DF4319478}"
EndProject
Global
	GlobalSection(SolutionConfigurationPlatforms) = preSolution
		Debug|Any CPU = Debug|Any CPU
		Release|Any CPU = Release|Any CPU
	EndGlobalSection
	GlobalSection(ProjectConfigurationPlatforms) = postSolution
		{62BA6228-1AB4-4BD6-8670-672DF4319478}.Debug|Any CPU.ActiveCfg = Debug|Any CPU
		{62BA6228-1AB4-4BD6-8670-672DF4319478}.Debug|Any CPU.Build.0 = Debug|Any CPU
		{62BA6228-1AB4-4BD6-8670-672DF4319478}.Release|Any CPU.ActiveCfg = Release|Any CPU
		{62BA6228-1AB4-4BD6-8670-672DF4319478}.Release|Any CPU.Build.0 = Release|Any CPU
	EndGlobalSection
	GlobalSection(SolutionProperties) = preSolution
		HideSolutionNode = FALSE
	EndGlobalSection
	GlobalSection(ExtensibilityGlobals) = postSolution
		SolutionGuid = {F2A76CA7-9FEF-4E5F-9510-7AC186B63D52}
	EndGlobalSection
EndGlobal
