
Microsoft Visual Studio Solution File, Format Version 12.00
# Visual Studio Version 17
VisualStudioVersion = 17.14.36623.8 d17.14
MinimumVisualStudioVersion = 10.0.40219.1
Project("{FAE04EC0-301F-11D3-BF4B-00C04F79EFBC}") = "baiTH13", "baiTH13.csproj", "{B6A8B36B-0F91-401F-8FF2-55C2C549CEFF}"
EndProject
Global
	GlobalSection(SolutionConfigurationPlatforms) = preSolution
		Debug|Any CPU = Debug|Any CPU
		Release|Any CPU = Release|Any CPU
	EndGlobalSection
	GlobalSection(ProjectConfigurationPlatforms) = postSolution
		{B6A8B36B-0F91-401F-8FF2-55C2C549CEFF}.Debug|Any CPU.ActiveCfg = Debug|Any CPU
		{B6A8B36B-0F91-401F-8FF2-55C2C549CEFF}.Debug|Any CPU.Build.0 = Debug|Any CPU
		{B6A8B36B-0F91-401F-8FF2-55C2C549CEFF}.Release|Any CPU.ActiveCfg = Release|Any CPU
		{B6A8B36B-0F91-401F-8FF2-55C2C549CEFF}.Release|Any CPU.Build.0 = Release|Any CPU
	EndGlobalSection
	GlobalSection(SolutionProperties) = preSolution
		HideSolutionNode = FALSE
	EndGlobalSection
	GlobalSection(ExtensibilityGlobals) = postSolution
		SolutionGuid = {3719CD9B-1758-421F-9427-0E8BA9F18C57}
	EndGlobalSection
EndGlobal
